
Microsoft Visual Studio Solution File, Format Version 11.00
# Visual Studio 2010
Project("{FAE04EC0-301F-11D3-BF4B-00C04F79EFBC}") = "SimpleWebTransport", "SimpleWebTransport.csproj", "{c8d3a95d-8198-309d-33aa-4beebd36895c}"
EndProject
Project("{FAE04EC0-301F-11D3-BF4B-00C04F79EFBC}") = "Mirror", "Mirror.csproj", "{d03b8396-5cad-473a-28b6-b90ddf85c379}"
EndProject
Project("{FAE04EC0-301F-11D3-BF4B-00C04F79EFBC}") = "Telepathy", "Telepathy.csproj", "{c4aab2d2-e410-43f8-74f5-13f0fda8f27c}"
EndProject
Project("{FAE04EC0-301F-11D3-BF4B-00C04F79EFBC}") = "Mirror.Cloud", "Mirror.Cloud.csproj", "{96704e25-5c86-731e-d0a7-5fb1ec893425}"
EndProject
Project("{FAE04EC0-301F-11D3-BF4B-00C04F79EFBC}") = "Mirror.Components", "Mirror.Components.csproj", "{422418bb-384c-a6b2-e831-5ed3f4051b39}"
EndProject
Project("{FAE04EC0-301F-11D3-BF4B-00C04F79EFBC}") = "Assembly-CSharp", "Assembly-CSharp.csproj", "{a5d55939-d659-6840-a7f9-3ebf49e62db8}"
EndProject
Project("{FAE04EC0-301F-11D3-BF4B-00C04F79EFBC}") = "Mirror.Examples", "Mirror.Examples.csproj", "{a46afce3-0ef1-7fa8-e07f-87327c0ff7b2}"
EndProject
Project("{FAE04EC0-301F-11D3-BF4B-00C04F79EFBC}") = "Mirror.Examples.Cloud.GUI", "Mirror.Examples.Cloud.GUI.csproj", "{159e1c70-37b2-e177-59e4-700d98972fef}"
EndProject
Project("{FAE04EC0-301F-11D3-BF4B-00C04F79EFBC}") = "kcp2k", "kcp2k.csproj", "{c955a0e1-c361-c621-bfd5-9f7b834a2966}"
EndProject
Project("{FAE04EC0-301F-11D3-BF4B-00C04F79EFBC}") = "Mirror.Examples.Cloud.Pong", "Mirror.Examples.Cloud.Pong.csproj", "{7f7d88b1-7178-f1e0-f2e3-375e0a6b879d}"
EndProject
Project("{FAE04EC0-301F-11D3-BF4B-00C04F79EFBC}") = "Mirror.Authenticators", "Mirror.Authenticators.csproj", "{4a93a6c4-f9a9-e5f4-3ec2-9d5af999e6ab}"
EndProject
Project("{FAE04EC0-301F-11D3-BF4B-00C04F79EFBC}") = "Mirror.example.RigidbodyPhysics", "Mirror.example.RigidbodyPhysics.csproj", "{e5659f2c-b0f4-d95f-3beb-d9397a4bcc15}"
EndProject
Project("{FAE04EC0-301F-11D3-BF4B-00C04F79EFBC}") = "Mirror.Weaver", "Mirror.Weaver.csproj", "{0e03b936-c410-6330-b395-96ebebe19866}"
EndProject
Project("{FAE04EC0-301F-11D3-BF4B-00C04F79EFBC}") = "Mirror.Editor", "Mirror.Editor.csproj", "{2dffe2fb-61d1-8399-2312-715cd35150d0}"
EndProject
Project("{FAE04EC0-301F-11D3-BF4B-00C04F79EFBC}") = "Assembly-CSharp-Editor-firstpass", "Assembly-CSharp-Editor-firstpass.csproj", "{4941ee82-1b06-5fa3-5587-2b2a3420377e}"
EndProject
Project("{FAE04EC0-301F-11D3-BF4B-00C04F79EFBC}") = "Mirror.CompilerSymbols", "Mirror.CompilerSymbols.csproj", "{30fcf7f7-42c2-13d0-1ea2-cd92441c2ba8}"
EndProject
Global
	GlobalSection(SolutionConfigurationPlatforms) = preSolution
		Debug|Any CPU = Debug|Any CPU
	EndGlobalSection
	GlobalSection(ProjectConfigurationPlatforms) = postSolution
		{c8d3a95d-8198-309d-33aa-4beebd36895c}.Debug|Any CPU.ActiveCfg = Debug|Any CPU
		{c8d3a95d-8198-309d-33aa-4beebd36895c}.Debug|Any CPU.Build.0 = Debug|Any CPU
		{d03b8396-5cad-473a-28b6-b90ddf85c379}.Debug|Any CPU.ActiveCfg = Debug|Any CPU
		{d03b8396-5cad-473a-28b6-b90ddf85c379}.Debug|Any CPU.Build.0 = Debug|Any CPU
		{c4aab2d2-e410-43f8-74f5-13f0fda8f27c}.Debug|Any CPU.ActiveCfg = Debug|Any CPU
		{c4aab2d2-e410-43f8-74f5-13f0fda8f27c}.Debug|Any CPU.Build.0 = Debug|Any CPU
		{96704e25-5c86-731e-d0a7-5fb1ec893425}.Debug|Any CPU.ActiveCfg = Debug|Any CPU
		{96704e25-5c86-731e-d0a7-5fb1ec893425}.Debug|Any CPU.Build.0 = Debug|Any CPU
		{422418bb-384c-a6b2-e831-5ed3f4051b39}.Debug|Any CPU.ActiveCfg = Debug|Any CPU
		{422418bb-384c-a6b2-e831-5ed3f4051b39}.Debug|Any CPU.Build.0 = Debug|Any CPU
		{a5d55939-d659-6840-a7f9-3ebf49e62db8}.Debug|Any CPU.ActiveCfg = Debug|Any CPU
		{a5d55939-d659-6840-a7f9-3ebf49e62db8}.Debug|Any CPU.Build.0 = Debug|Any CPU
		{a46afce3-0ef1-7fa8-e07f-87327c0ff7b2}.Debug|Any CPU.ActiveCfg = Debug|Any CPU
		{a46afce3-0ef1-7fa8-e07f-87327c0ff7b2}.Debug|Any CPU.Build.0 = Debug|Any CPU
		{159e1c70-37b2-e177-59e4-700d98972fef}.Debug|Any CPU.ActiveCfg = Debug|Any CPU
		{159e1c70-37b2-e177-59e4-700d98972fef}.Debug|Any CPU.Build.0 = Debug|Any CPU
		{c955a0e1-c361-c621-bfd5-9f7b834a2966}.Debug|Any CPU.ActiveCfg = Debug|Any CPU
		{c955a0e1-c361-c621-bfd5-9f7b834a2966}.Debug|Any CPU.Build.0 = Debug|Any CPU
		{7f7d88b1-7178-f1e0-f2e3-375e0a6b879d}.Debug|Any CPU.ActiveCfg = Debug|Any CPU
		{7f7d88b1-7178-f1e0-f2e3-375e0a6b879d}.Debug|Any CPU.Build.0 = Debug|Any CPU
		{4a93a6c4-f9a9-e5f4-3ec2-9d5af999e6ab}.Debug|Any CPU.ActiveCfg = Debug|Any CPU
		{4a93a6c4-f9a9-e5f4-3ec2-9d5af999e6ab}.Debug|Any CPU.Build.0 = Debug|Any CPU
		{e5659f2c-b0f4-d95f-3beb-d9397a4bcc15}.Debug|Any CPU.ActiveCfg = Debug|Any CPU
		{e5659f2c-b0f4-d95f-3beb-d9397a4bcc15}.Debug|Any CPU.Build.0 = Debug|Any CPU
		{0e03b936-c410-6330-b395-96ebebe19866}.Debug|Any CPU.ActiveCfg = Debug|Any CPU
		{0e03b936-c410-6330-b395-96ebebe19866}.Debug|Any CPU.Build.0 = Debug|Any CPU
		{2dffe2fb-61d1-8399-2312-715cd35150d0}.Debug|Any CPU.ActiveCfg = Debug|Any CPU
		{2dffe2fb-61d1-8399-2312-715cd35150d0}.Debug|Any CPU.Build.0 = Debug|Any CPU
		{4941ee82-1b06-5fa3-5587-2b2a3420377e}.Debug|Any CPU.ActiveCfg = Debug|Any CPU
		{4941ee82-1b06-5fa3-5587-2b2a3420377e}.Debug|Any CPU.Build.0 = Debug|Any CPU
		{30fcf7f7-42c2-13d0-1ea2-cd92441c2ba8}.Debug|Any CPU.ActiveCfg = Debug|Any CPU
		{30fcf7f7-42c2-13d0-1ea2-cd92441c2ba8}.Debug|Any CPU.Build.0 = Debug|Any CPU
	EndGlobalSection
	GlobalSection(SolutionProperties) = preSolution
		HideSolutionNode = FALSE
	EndGlobalSection
EndGlobal
